# THIS IS AN AUTOGENERATED FILE. DO NOT EDIT THIS FILE DIRECTLY.
# yarn lockfile v1


"@inversifyjs/common@1.4.0":
  version "1.4.0"
  resolved "https://registry.yarnpkg.com/@inversifyjs/common/-/common-1.4.0.tgz#4df42e8cb012a1630ebf2f3c65bb76ac5b0f3e4c"
  integrity sha512-qfRJ/3iOlCL/VfJq8+4o5X4oA14cZSBbpAmHsYj8EsIit1xDndoOl0xKOyglKtQD4u4gdNVxMHx4RWARk/I4QA==

"@inversifyjs/core@1.3.5":
  version "1.3.5"
  resolved "https://registry.yarnpkg.com/@inversifyjs/core/-/core-1.3.5.tgz#c02ee3ed036aae40189302794f16a9f4e0ed4557"
  integrity sha512-B4MFXabhNTAmrfgB+yeD6wd/GIvmvWC6IQ8Rh/j2C3Ix69kmqwz9pr8Jt3E+Nho9aEHOQCZaGmrALgtqRd+oEQ==
  dependencies:
    "@inversifyjs/common" "1.4.0"
    "@inversifyjs/reflect-metadata-utils" "0.2.4"

"@inversifyjs/reflect-metadata-utils@0.2.4":
  version "0.2.4"
  resolved "https://registry.yarnpkg.com/@inversifyjs/reflect-metadata-utils/-/reflect-metadata-utils-0.2.4.tgz#c65172283db9516c4a27e8d673ca7a31a07d528b"
  integrity sha512-u95rV3lKfG+NT2Uy/5vNzoDujos8vN8O18SSA5UyhxsGYd4GLQn/eUsGXfOsfa7m34eKrDelTKRUX1m/BcNX5w==

inversify@^6.2.1:
  version "6.2.1"
  resolved "https://registry.yarnpkg.com/inversify/-/inversify-6.2.1.tgz#cceafa8d2c648a20713cca64ee8d8f38c9a29d6b"
  integrity sha512-W6Xi0icXIiC48RWdT681+GlZVgAKmCrNTiP7hj4IVPFbcxHz+Jj8Gxz5qr/Az2cgcZMYdB8tKIr2e68LUi1LYQ==
  dependencies:
    "@inversifyjs/common" "1.4.0"
    "@inversifyjs/core" "1.3.5"

reflect-metadata@^0.2.2:
  version "0.2.2"
  resolved "https://registry.yarnpkg.com/reflect-metadata/-/reflect-metadata-0.2.2.tgz#400c845b6cba87a21f2c65c4aeb158f4fa4d9c5b"
  integrity sha512-urBwgfrvVP/eAyXx4hluJivBKzuEbSQs9rKWCrCkbSxNv8mxPcUZKeuoF3Uy4mJl3Lwprp6yy5/39VWigZ4K6Q==
